
Microsoft Visual Studio Solution File, Format Version 12.00
# Visual Studio Version 17
VisualStudioVersion = 17.10.35013.160
MinimumVisualStudioVersion = 10.0.40219.1
Project("{9A19103F-16F7-4668-BE54-9A1E7A4F7556}") = "Week_3_Inno-PreTrainee", "Week_3_Inno-PreTrainee\Week_3_Inno-PreTrainee.csproj", "{B4BA8563-9192-4A62-92AA-9502B044CB62}"
EndProject
Global
	GlobalSection(SolutionConfigurationPlatforms) = preSolution
		Debug|Any CPU = Debug|Any CPU
		Release|Any CPU = Release|Any CPU
	EndGlobalSection
	GlobalSection(ProjectConfigurationPlatforms) = postSolution
		{B4BA8563-9192-4A62-92AA-9502B044CB62}.Debug|Any CPU.ActiveCfg = Debug|Any CPU
		{B4BA8563-9192-4A62-92AA-9502B044CB62}.Debug|Any CPU.Build.0 = Debug|Any CPU
		{B4BA8563-9192-4A62-92AA-9502B044CB62}.Release|Any CPU.ActiveCfg = Release|Any CPU
		{B4BA8563-9192-4A62-92AA-9502B044CB62}.Release|Any CPU.Build.0 = Release|Any CPU
	EndGlobalSection
	GlobalSection(SolutionProperties) = preSolution
		HideSolutionNode = FALSE
	EndGlobalSection
	GlobalSection(ExtensibilityGlobals) = postSolution
		SolutionGuid = {47EBC03E-3D51-48E8-8A28-99DB0E5D448F}
	EndGlobalSection
EndGlobal
